
Microsoft Visual Studio Solution File, Format Version 12.00
# Visual Studio Version 17
VisualStudioVersion = 17.2.32616.157
MinimumVisualStudioVersion = 10.0.40219.1
Project("{9A19103F-16F7-4668-BE54-9A1E7A4F7556}") = "ConsoleApp1", "ConsoleApp1\ConsoleApp1.csproj", "{ED0851C9-2A59-498F-BAD9-F4EBD1008EEF}"
EndProject
Project("{FAE04EC0-301F-11D3-BF4B-00C04F79EFBC}") = "ClassLibrary1", "ClassLibrary1\ClassLibrary1.csproj", "{FC3B4BD7-94CC-4A7A-943C-31628E97C091}"
EndProject
Global
	GlobalSection(SolutionConfigurationPlatforms) = preSolution
		Debug|Any CPU = Debug|Any CPU
		Release|Any CPU = Release|Any CPU
	EndGlobalSection
	GlobalSection(ProjectConfigurationPlatforms) = postSolution
		{ED0851C9-2A59-498F-BAD9-F4EBD1008EEF}.Debug|Any CPU.ActiveCfg = Debug|Any CPU
		{ED0851C9-2A59-498F-BAD9-F4EBD1008EEF}.Debug|Any CPU.Build.0 = Debug|Any CPU
		{ED0851C9-2A59-498F-BAD9-F4EBD1008EEF}.Release|Any CPU.ActiveCfg = Release|Any CPU
		{ED0851C9-2A59-498F-BAD9-F4EBD1008EEF}.Release|Any CPU.Build.0 = Release|Any CPU
		{FC3B4BD7-94CC-4A7A-943C-31628E97C091}.Debug|Any CPU.ActiveCfg = Debug|Any CPU
		{FC3B4BD7-94CC-4A7A-943C-31628E97C091}.Debug|Any CPU.Build.0 = Debug|Any CPU
		{FC3B4BD7-94CC-4A7A-943C-31628E97C091}.Release|Any CPU.ActiveCfg = Release|Any CPU
		{FC3B4BD7-94CC-4A7A-943C-31628E97C091}.Release|Any CPU.Build.0 = Release|Any CPU
	EndGlobalSection
	GlobalSection(SolutionProperties) = preSolution
		HideSolutionNode = FALSE
	EndGlobalSection
	GlobalSection(ExtensibilityGlobals) = postSolution
		SolutionGuid = {FA15AA95-2BB8-4F73-98A6-EC91D1918A4F}
	EndGlobalSection
EndGlobal
